version = 1
revision = 2
requires-python = ">=3.13"

[[package]]
name = "certifi"
version = "2025.8.3"
source = { registry = "https://pypi.org/simple" }
sdist = { url = "https://files.pythonhosted.org/packages/dc/67/960ebe6bf230a96cda2e0abcf73af550ec4f090005363542f0765df162e0/certifi-2025.8.3.tar.gz", hash = "sha256:e564105f78ded564e3ae7c923924435e1daa7463faeab5bb932bc53ffae63407", size = 162386, upload-time = "2025-08-03T03:07:47.08Z" }
wheels = [
    { url = "https://files.pythonhosted.org/packages/e5/48/1549795ba7742c948d2ad169c1c8cdbae65bc450d6cd753d124b17c8cd32/certifi-2025.8.3-py3-none-any.whl", hash = "sha256:f6c12493cfb1b06ba2ff328595af9350c65d6644968e5d3a2ffd78699af217a5", size = 161216, upload-time = "2025-08-03T03:07:45.777Z" },
]

[[package]]
name = "charset-normalizer"
version = "3.4.2"
source = { registry = "https://pypi.org/simple" }
sdist = { url = "https://files.pythonhosted.org/packages/e4/33/89c2ced2b67d1c2a61c19c6751aa8902d46ce3dacb23600a283619f5a12d/charset_normalizer-3.4.2.tar.gz", hash = "sha256:5baececa9ecba31eff645232d59845c07aa030f0c81ee70184a90d35099a0e63", size = 126367, upload-time = "2025-05-02T08:34:42.01Z" }
wheels = [
    { url = "https://files.pythonhosted.org/packages/ea/12/a93df3366ed32db1d907d7593a94f1fe6293903e3e92967bebd6950ed12c/charset_normalizer-3.4.2-cp313-cp313-macosx_10_13_universal2.whl", hash = "sha256:926ca93accd5d36ccdabd803392ddc3e03e6d4cd1cf17deff3b989ab8e9dbcf0", size = 199622, upload-time = "2025-05-02T08:32:56.363Z" },
    { url = "https://files.pythonhosted.org/packages/04/93/bf204e6f344c39d9937d3c13c8cd5bbfc266472e51fc8c07cb7f64fcd2de/charset_normalizer-3.4.2-cp313-cp313-manylinux_2_17_aarch64.manylinux2014_aarch64.whl", hash = "sha256:eba9904b0f38a143592d9fc0e19e2df0fa2e41c3c3745554761c5f6447eedabf", size = 143435, upload-time = "2025-05-02T08:32:58.551Z" },
    { url = "https://files.pythonhosted.org/packages/22/2a/ea8a2095b0bafa6c5b5a55ffdc2f924455233ee7b91c69b7edfcc9e02284/charset_normalizer-3.4.2-cp313-cp313-manylinux_2_17_ppc64le.manylinux2014_ppc64le.whl", hash = "sha256:3fddb7e2c84ac87ac3a947cb4e66d143ca5863ef48e4a5ecb83bd48619e4634e", size = 153653, upload-time = "2025-05-02T08:33:00.342Z" },
    { url = "https://files.pythonhosted.org/packages/b6/57/1b090ff183d13cef485dfbe272e2fe57622a76694061353c59da52c9a659/charset_normalizer-3.4.2-cp313-cp313-manylinux_2_17_s390x.manylinux2014_s390x.whl", hash = "sha256:98f862da73774290f251b9df8d11161b6cf25b599a66baf087c1ffe340e9bfd1", size = 146231, upload-time = "2025-05-02T08:33:02.081Z" },
    { url = "https://files.pythonhosted.org/packages/e2/28/ffc026b26f441fc67bd21ab7f03b313ab3fe46714a14b516f931abe1a2d8/charset_normalizer-3.4.2-cp313-cp313-manylinux_2_17_x86_64.manylinux2014_x86_64.whl", hash = "sha256:6c9379d65defcab82d07b2a9dfbfc2e95bc8fe0ebb1b176a3190230a3ef0e07c", size = 148243, upload-time = "2025-05-02T08:33:04.063Z" },
    { url = "https://files.pythonhosted.org/packages/c0/0f/9abe9bd191629c33e69e47c6ef45ef99773320e9ad8e9cb08b8ab4a8d4cb/charset_normalizer-3.4.2-cp313-cp313-manylinux_2_5_i686.manylinux1_i686.manylinux_2_17_i686.manylinux2014_i686.whl", hash = "sha256:e635b87f01ebc977342e2697d05b56632f5f879a4f15955dfe8cef2448b51691", size = 150442, upload-time = "2025-05-02T08:33:06.418Z" },
    { url = "https://files.pythonhosted.org/packages/67/7c/a123bbcedca91d5916c056407f89a7f5e8fdfce12ba825d7d6b9954a1a3c/charset_normalizer-3.4.2-cp313-cp313-musllinux_1_2_aarch64.whl", hash = "sha256:1c95a1e2902a8b722868587c0e1184ad5c55631de5afc0eb96bc4b0d738092c0", size = 145147, upload-time = "2025-05-02T08:33:08.183Z" },
    { url = "https://files.pythonhosted.org/packages/ec/fe/1ac556fa4899d967b83e9893788e86b6af4d83e4726511eaaad035e36595/charset_normalizer-3.4.2-cp313-cp313-musllinux_1_2_i686.whl", hash = "sha256:ef8de666d6179b009dce7bcb2ad4c4a779f113f12caf8dc77f0162c29d20490b", size = 153057, upload-time = "2025-05-02T08:33:09.986Z" },
    { url = "https://files.pythonhosted.org/packages/2b/ff/acfc0b0a70b19e3e54febdd5301a98b72fa07635e56f24f60502e954c461/charset_normalizer-3.4.2-cp313-cp313-musllinux_1_2_ppc64le.whl", hash = "sha256:32fc0341d72e0f73f80acb0a2c94216bd704f4f0bce10aedea38f30502b271ff", size = 156454, upload-time = "2025-05-02T08:33:11.814Z" },
    { url = "https://files.pythonhosted.org/packages/92/08/95b458ce9c740d0645feb0e96cea1f5ec946ea9c580a94adfe0b617f3573/charset_normalizer-3.4.2-cp313-cp313-musllinux_1_2_s390x.whl", hash = "sha256:289200a18fa698949d2b39c671c2cc7a24d44096784e76614899a7ccf2574b7b", size = 154174, upload-time = "2025-05-02T08:33:13.707Z" },
    { url = "https://files.pythonhosted.org/packages/78/be/8392efc43487ac051eee6c36d5fbd63032d78f7728cb37aebcc98191f1ff/charset_normalizer-3.4.2-cp313-cp313-musllinux_1_2_x86_64.whl", hash = "sha256:4a476b06fbcf359ad25d34a057b7219281286ae2477cc5ff5e3f70a246971148", size = 149166, upload-time = "2025-05-02T08:33:15.458Z" },
    { url = "https://files.pythonhosted.org/packages/44/96/392abd49b094d30b91d9fbda6a69519e95802250b777841cf3bda8fe136c/charset_normalizer-3.4.2-cp313-cp313-win32.whl", hash = "sha256:aaeeb6a479c7667fbe1099af9617c83aaca22182d6cf8c53966491a0f1b7ffb7", size = 98064, upload-time = "2025-05-02T08:33:17.06Z" },
    { url = "https://files.pythonhosted.org/packages/e9/b0/0200da600134e001d91851ddc797809e2fe0ea72de90e09bec5a2fbdaccb/charset_normalizer-3.4.2-cp313-cp313-win_amd64.whl", hash = "sha256:aa6af9e7d59f9c12b33ae4e9450619cf2488e2bbe9b44030905877f0b2324980", size = 105641, upload-time = "2025-05-02T08:33:18.753Z" },
    { url = "https://files.pythonhosted.org/packages/20/94/c5790835a017658cbfabd07f3bfb549140c3ac458cfc196323996b10095a/charset_normalizer-3.4.2-py3-none-any.whl", hash = "sha256:7f56930ab0abd1c45cd15be65cc741c28b1c9a34876ce8c17a2fa107810c0af0", size = 52626, upload-time = "2025-05-02T08:34:40.053Z" },
]

[[package]]
name = "idna"
version = "3.10"
source = { registry = "https://pypi.org/simple" }
sdist = { url = "https://files.pythonhosted.org/packages/f1/70/7703c29685631f5a7590aa73f1f1d3fa9a380e654b86af429e0934a32f7d/idna-3.10.tar.gz", hash = "sha256:12f65c9b470abda6dc35cf8e63cc574b1c52b11df2c86030af0ac09b01b13ea9", size = 190490, upload-time = "2024-09-15T18:07:39.745Z" }
wheels = [
    { url = "https://files.pythonhosted.org/packages/76/c6/c88e154df9c4e1a2a66ccf0005a88dfb2650c1dffb6f5ce603dfbd452ce3/idna-3.10-py3-none-any.whl", hash = "sha256:946d195a0d259cbba61165e88e65941f16e9b36ea6ddb97f00452bae8b1287d3", size = 70442, upload-time = "2024-09-15T18:07:37.964Z" },
]

[[package]]
name = "jellyfin-apiclient-python"
version = "1.11.0"
source = { registry = "https://pypi.org/simple" }
dependencies = [
    { name = "certifi" },
    { name = "requests" },
    { name = "urllib3" },
    { name = "websocket-client" },
]
sdist = { url = "https://files.pythonhosted.org/packages/c2/b0/61cacc2261f6b1972e4a53d142857def8b4d3b6fbd1481a2257b26e31029/jellyfin_apiclient_python-1.11.0.tar.gz", hash = "sha256:f5e3dc4ea06a80d26859a62ace7c3ab26f762063a3032f9109f4cea2ed8ac5de", size = 62581, upload-time = "2025-03-17T23:11:29.289Z" }
wheels = [
    { url = "https://files.pythonhosted.org/packages/1f/f3/c5d2ba45e432ed706c705e961c8e2a01c5600f93265279e8d61c61f544ae/jellyfin_apiclient_python-1.11.0-py3-none-any.whl", hash = "sha256:b666c8d175b36f2ce9e6020c13821eb1aa104a585bfbba58f6790fa15f358b40", size = 51475, upload-time = "2025-03-17T23:11:27.91Z" },
]

[[package]]
name = "pypodpro"
version = "0.1.0"
source = { virtual = "." }
dependencies = [
    { name = "jellyfin-apiclient-python" },
    { name = "pyside6" },
]

[package.metadata]
requires-dist = [
    { name = "jellyfin-apiclient-python", specifier = ">=1.11.0" },
    { name = "pyside6" },
]

[[package]]
name = "pyside6"
version = "6.9.3"
source = { registry = "https://pypi.org/simple" }
dependencies = [
    { name = "pyside6-addons" },
    { name = "pyside6-essentials" },
    { name = "shiboken6" },
]
wheels = [
    { url = "https://files.pythonhosted.org/packages/fe/15/1fa71e44d3b345b9eca82d38cf7e6d7505168b978fe98b3610c0e25d8c0e/pyside6-6.9.3-cp39-abi3-macosx_12_0_universal2.whl", hash = "sha256:6fd9fbbc14e2a5707df611bfacbf3f71283c637b8a29b28708801eeb28bfcb69", size = 554720, upload-time = "2025-09-30T12:02:07.235Z" },
    { url = "https://files.pythonhosted.org/packages/34/0e/1e9841cc46196c55ac3eac0b8e08044a88cc70c8cc29e9dc1e33b2ced2b7/pyside6-6.9.3-cp39-abi3-manylinux_2_28_x86_64.whl", hash = "sha256:6485aebec8eba4e55d1ec1cebe68ca1413589880cc8ccd8a49acae852ec6cfb3", size = 554849, upload-time = "2025-09-30T12:02:08.909Z" },
    { url = "https://files.pythonhosted.org/packages/3d/6b/6aeb7124a5c08ac537776d7d0be1011cf22ccfc6f95cf901fe1eb1a16e91/pyside6-6.9.3-cp39-abi3-manylinux_2_39_aarch64.whl", hash = "sha256:8f4ff61b24a64153373b68a96339bd765fc010d02c4d98d0f6dba2a6c9686e11", size = 554846, upload-time = "2025-09-30T12:02:10.762Z" },
    { url = "https://files.pythonhosted.org/packages/6e/29/4eb0ab29ee7d60da4c5fefdb514c22ae3c91c3f855f46608cfbe23816518/pyside6-6.9.3-cp39-abi3-win_amd64.whl", hash = "sha256:71b41b9ebd1c044c3777f2b32278d3919f07bda4f15c504bc165b643bc3cec01", size = 561082, upload-time = "2025-09-30T12:02:12.411Z" },
    { url = "https://files.pythonhosted.org/packages/3f/c2/b936d50974a14846ccb883cbce0034ec431e1013af7f2aa29d3746a1565f/pyside6-6.9.3-cp39-abi3-win_arm64.whl", hash = "sha256:33fb70addd02e1adaa45573485c431bca43cf12bb7b2596535b824ff169138ce", size = 545910, upload-time = "2025-09-30T12:02:13.746Z" },
]

[[package]]
name = "pyside6-addons"
version = "6.9.3"
source = { registry = "https://pypi.org/simple" }
dependencies = [
    { name = "pyside6-essentials" },
    { name = "shiboken6" },
]
wheels = [
    { url = "https://files.pythonhosted.org/packages/23/56/714c55e4514ec6603be8126355baf416e507557a73e7fc76870e6f5c20b9/pyside6_addons-6.9.3-cp39-abi3-macosx_12_0_universal2.whl", hash = "sha256:189c9a9a2fdaffa95e91731f5c0afdc47ba231f5f683d3f8977b22c233749ba4", size = 316906068, upload-time = "2025-09-30T12:03:28.268Z" },
    { url = "https://files.pythonhosted.org/packages/17/fe/d5c67665f866b8859d02aa1a859f101a1b2fd348cb61746a3e16fd98fb20/pyside6_addons-6.9.3-cp39-abi3-manylinux_2_28_x86_64.whl", hash = "sha256:68932327e1c33d729d79b2b94242f97b77601efe0427e757cd3fd588939ea479", size = 167175405, upload-time = "2025-09-30T12:04:11.793Z" },
    { url = "https://files.pythonhosted.org/packages/66/f2/66da0d8ba8e4eb934d2bb042f2199664d2366c121844e36376f724b53fd9/pyside6_addons-6.9.3-cp39-abi3-manylinux_2_39_aarch64.whl", hash = "sha256:61f4f4859bd1711eea2202fe364a701597140ed4f3900ddf1f90d91ae631fdf9", size = 163102125, upload-time = "2025-09-30T12:04:55.193Z" },
    { url = "https://files.pythonhosted.org/packages/d7/fb/849599666942ce35e9f250bce1abc7b1248eccdcbe8b3fe697a0f98a1326/pyside6_addons-6.9.3-cp39-abi3-win_amd64.whl", hash = "sha256:0aece2a81ccf16ef9b750b09601b6876aa116bbc700e848ce82df42906f04c5c", size = 160681555, upload-time = "2025-09-30T12:05:36.44Z" },
    { url = "https://files.pythonhosted.org/packages/b1/2d/e71face0149519d6ded4e77b5c5e266c094ce5ef8c5c96c2af2f0afadf3c/pyside6_addons-6.9.3-cp39-abi3-win_arm64.whl", hash = "sha256:3b8749c9c2b297f53c980192e89ce38ac59019f290a2669fe1abb3128f9a09d9", size = 33759045, upload-time = "2025-09-30T12:05:48.373Z" },
]

[[package]]
name = "pyside6-essentials"
version = "6.9.3"
source = { registry = "https://pypi.org/simple" }
dependencies = [
    { name = "shiboken6" },
]
wheels = [
    { url = "https://files.pythonhosted.org/packages/80/a9/51549844900837c70e5c89cbd840956c2533732ef4f05c2b656e35ca8182/pyside6_essentials-6.9.3-cp39-abi3-macosx_12_0_universal2.whl", hash = "sha256:ad3664ff0ced9f92ed7872e512c86328894d29f262e6c3400400232a36dda357", size = 134586559, upload-time = "2025-09-30T12:06:22.681Z" },
    { url = "https://files.pythonhosted.org/packages/85/e8/9396cf11a60f80175bb3c5c1d498d84e87b7af653ab4ea001acf821a3981/pyside6_essentials-6.9.3-cp39-abi3-manylinux_2_28_x86_64.whl", hash = "sha256:c70d5544e892b201a677b615156fab6a0fef865e7fc287f55a0eae00a682e83f", size = 97495307, upload-time = "2025-09-30T12:06:49.213Z" },
    { url = "https://files.pythonhosted.org/packages/57/a5/0187b2845a6fa534217988f9351c0b85ba1c04e8fd31f1e3c13ba1c4386e/pyside6_essentials-6.9.3-cp39-abi3-manylinux_2_39_aarch64.whl", hash = "sha256:e22e517c592657e291c0cbe7d04078ab415cb225188d7e895f8f7adcdba755d2", size = 95199568, upload-time = "2025-09-30T12:07:13.726Z" },
    { url = "https://files.pythonhosted.org/packages/a0/52/b558c79bc32310361a37d1e894c2251a3557daec380be5f6d2a9223e8ef3/pyside6_essentials-6.9.3-cp39-abi3-win_amd64.whl", hash = "sha256:21f98077c135864473089e59a6a0bd828e64c6644b3dd7267b102da4a2ee8f21", size = 73593457, upload-time = "2025-09-30T12:07:33.98Z" },
    { url = "https://files.pythonhosted.org/packages/d2/22/4ec828f6360e6e9bcd6fde2dec20fa4865fe1a77cb6bac6812f7d0aa55b3/pyside6_essentials-6.9.3-cp39-abi3-win_arm64.whl", hash = "sha256:2e34081933e005686d79265cc04370a28fea3844ab63d432e493adcd4465070c", size = 54301788, upload-time = "2025-09-30T12:07:49.504Z" },
]

[[package]]
name = "requests"
version = "2.32.4"
source = { registry = "https://pypi.org/simple" }
dependencies = [
    { name = "certifi" },
    { name = "charset-normalizer" },
    { name = "idna" },
    { name = "urllib3" },
]
sdist = { url = "https://files.pythonhosted.org/packages/e1/0a/929373653770d8a0d7ea76c37de6e41f11eb07559b103b1c02cafb3f7cf8/requests-2.32.4.tar.gz", hash = "sha256:27d0316682c8a29834d3264820024b62a36942083d52caf2f14c0591336d3422", size = 135258, upload-time = "2025-06-09T16:43:07.34Z" }
wheels = [
    { url = "https://files.pythonhosted.org/packages/7c/e4/56027c4a6b4ae70ca9de302488c5ca95ad4a39e190093d6c1a8ace08341b/requests-2.32.4-py3-none-any.whl", hash = "sha256:27babd3cda2a6d50b30443204ee89830707d396671944c998b5975b031ac2b2c", size = 64847, upload-time = "2025-06-09T16:43:05.728Z" },
]

[[package]]
name = "shiboken6"
version = "6.9.3"
source = { registry = "https://pypi.org/simple" }
wheels = [
    { url = "https://files.pythonhosted.org/packages/6b/ed/eac552326349629f8c3a89b57a754a860d9665aea78c172777395905d36b/shiboken6-6.9.3-cp39-abi3-macosx_12_0_universal2.whl", hash = "sha256:e9b240828790b8e21a50e66449a5aa8b99f9b8a538c80c1a325fa04f8364985e", size = 400999, upload-time = "2025-09-30T12:00:08.123Z" },
    { url = "https://files.pythonhosted.org/packages/be/82/c1c6932f9849bc5e75c93c38a29419505a6e3e0037261e28f3e7ecbf2751/shiboken6-6.9.3-cp39-abi3-manylinux_2_28_x86_64.whl", hash = "sha256:f3f5337a3a8fc660ba1462265bd9a2bdda9588f8d90fbc3d5ac4ce3134c11e59", size = 204927, upload-time = "2025-09-30T12:00:10.334Z" },
    { url = "https://files.pythonhosted.org/packages/4a/fc/026f4c8660494e513fd8c6d95d4d694d490795c6880f1fd23ec996a83e13/shiboken6-6.9.3-cp39-abi3-manylinux_2_39_aarch64.whl", hash = "sha256:f66e82510e3a3170a42e3ef865329559b69811ce83102ad1ee57920319427c10", size = 200684, upload-time = "2025-09-30T12:00:11.967Z" },
    { url = "https://files.pythonhosted.org/packages/50/be/f6bb3fc89623dd01ac67cd6be357e585ea5081536b275008b6c8d6fa7c28/shiboken6-6.9.3-cp39-abi3-win_amd64.whl", hash = "sha256:f1498176d2d5bcade7d662e1fc5143980fb008b6c78b966289d29a4ae86cd0c6", size = 1166242, upload-time = "2025-09-30T12:00:13.447Z" },
    { url = "https://files.pythonhosted.org/packages/c1/66/097a5f80ed1058071466c8c4fd72f94886851f6e03028f980ef0c42a7b54/shiboken6-6.9.3-cp39-abi3-win_arm64.whl", hash = "sha256:0c87bcfd483a1980794e03cf5ec6b2061691a1b075f92b78edb0d13847139ecf", size = 1727949, upload-time = "2025-09-30T12:00:15.23Z" },
]

[[package]]
name = "urllib3"
version = "2.5.0"
source = { registry = "https://pypi.org/simple" }
sdist = { url = "https://files.pythonhosted.org/packages/15/22/9ee70a2574a4f4599c47dd506532914ce044817c7752a79b6a51286319bc/urllib3-2.5.0.tar.gz", hash = "sha256:3fc47733c7e419d4bc3f6b3dc2b4f890bb743906a30d56ba4a5bfa4bbff92760", size = 393185, upload-time = "2025-06-18T14:07:41.644Z" }
wheels = [
    { url = "https://files.pythonhosted.org/packages/a7/c2/fe1e52489ae3122415c51f387e221dd0773709bad6c6cdaa599e8a2c5185/urllib3-2.5.0-py3-none-any.whl", hash = "sha256:e6b01673c0fa6a13e374b50871808eb3bf7046c4b125b216f6bf1cc604cff0dc", size = 129795, upload-time = "2025-06-18T14:07:40.39Z" },
]

[[package]]
name = "websocket-client"
version = "1.8.0"
source = { registry = "https://pypi.org/simple" }
sdist = { url = "https://files.pythonhosted.org/packages/e6/30/fba0d96b4b5fbf5948ed3f4681f7da2f9f64512e1d303f94b4cc174c24a5/websocket_client-1.8.0.tar.gz", hash = "sha256:3239df9f44da632f96012472805d40a23281a991027ce11d2f45a6f24ac4c3da", size = 54648, upload-time = "2024-04-23T22:16:16.976Z" }
wheels = [
    { url = "https://files.pythonhosted.org/packages/5a/84/44687a29792a70e111c5c477230a72c4b957d88d16141199bf9acb7537a3/websocket_client-1.8.0-py3-none-any.whl", hash = "sha256:17b44cc997f5c498e809b22cdf2d9c7a9e71c02c8cc2b6c56e7c2d1239bfa526", size = 58826, upload-time = "2024-04-23T22:16:14.422Z" },
]
